# This file is automatically @generated by Cargo.
# It is not intended for manual editing.
version = 4

[[package]]
name = "rule-bundle-verifier"
version = "0.1.0"

[[package]]
name = "rule-compiler"
version = "0.1.0"

[[package]]
name = "rule-format"
version = "0.1.0"

[[package]]
name = "scanner-cli"
version = "0.1.0"

[[package]]
name = "scanner-core"
version = "0.1.0"
